// !$*UTF8*$!
{
	archiveVersion = 1;
	classes = {
	};
	objectVersion = 77;
	objects = {

/* Begin PBXContainerItemProxy section */
		A57D3EC12D07C8BD0013AB84 /* PBXContainerItemProxy */ = {
			isa = PBXContainerItemProxy;
			containerPortal = A57D3EA82D07C8BC0013AB84 /* Project object */;
			proxyType = 1;
			remoteGlobalIDString = A57D3EAF2D07C8BC0013AB84;
			remoteInfo = "Hyperhire Test";
		};
		A57D3ECB2D07C8BD0013AB84 /* PBXContainerItemProxy */ = {
			isa = PBXContainerItemProxy;
			containerPortal = A57D3EA82D07C8BC0013AB84 /* Project object */;
			proxyType = 1;
			remoteGlobalIDString = A57D3EAF2D07C8BC0013AB84;
			remoteInfo = "Hyperhire Test";
		};
/* End PBXContainerItemProxy section */

/* Begin PBXFileReference section */
		A57D3EB02D07C8BC0013AB84 /* Hyperhire Test.app */ = {isa = PBXFileReference; explicitFileType = wrapper.application; includeInIndex = 0; path = "Hyperhire Test.app"; sourceTree = BUILT_PRODUCTS_DIR; };
		A57D3EC02D07C8BD0013AB84 /* Hyperhire TestTests.xctest */ = {isa = PBXFileReference; explicitFileType = wrapper.cfbundle; includeInIndex = 0; path = "Hyperhire TestTests.xctest"; sourceTree = BUILT_PRODUCTS_DIR; };
		A57D3ECA2D07C8BD0013AB84 /* Hyperhire TestUITests.xctest */ = {isa = PBXFileReference; explicitFileType = wrapper.cfbundle; includeInIndex = 0; path = "Hyperhire TestUITests.xctest"; sourceTree = BUILT_PRODUCTS_DIR; };
/* End PBXFileReference section */

/* Begin PBXFileSystemSynchronizedRootGroup section */
		A57D3EB22D07C8BC0013AB84 /* Hyperhire Test */ = {
			isa = PBXFileSystemSynchronizedRootGroup;
			path = "Hyperhire Test";
			sourceTree = "<group>";
		};
		A57D3EC32D07C8BD0013AB84 /* Hyperhire TestTests */ = {
			isa = PBXFileSystemSynchronizedRootGroup;
			path = "Hyperhire TestTests";
			sourceTree = "<group>";
		};
		A57D3ECD2D07C8BD0013AB84 /* Hyperhire TestUITests */ = {
			isa = PBXFileSystemSynchronizedRootGroup;
			path = "Hyperhire TestUITests";
			sourceTree = "<group>";
		};
/* End PBXFileSystemSynchronizedRootGroup section */

/* Begin PBXFrameworksBuildPhase section */
		A57D3EAD2D07C8BC0013AB84 /* Frameworks */ = {
			isa = PBXFrameworksBuildPhase;
			buildActionMask = 2147483647;
			files = (
			);
			runOnlyForDeploymentPostprocessing = 0;
		};
		A57D3EBD2D07C8BD0013AB84 /* Frameworks */ = {
			isa = PBXFrameworksBuildPhase;
			buildActionMask = 2147483647;
			files = (
			);
			runOnlyForDeploymentPostprocessing = 0;
		};
		A57D3EC72D07C8BD0013AB84 /* Frameworks */ = {
			isa = PBXFrameworksBuildPhase;
			buildActionMask = 2147483647;
			files = (
			);
			runOnlyForDeploymentPostprocessing = 0;
		};
/* End PBXFrameworksBuildPhase section */

/* Begin PBXGroup section */
		A57D3EA72D07C8BC0013AB84 = {
			isa = PBXGroup;
			children = (
				A57D3EB22D07C8BC0013AB84 /* Hyperhire Test */,
				A57D3EC32D07C8BD0013AB84 /* Hyperhire TestTests */,
				A57D3ECD2D07C8BD0013AB84 /* Hyperhire TestUITests */,
				A57D3EB12D07C8BC0013AB84 /* Products */,
			);
			sourceTree = "<group>";
		};
		A57D3EB12D07C8BC0013AB84 /* Products */ = {
			isa = PBXGroup;
			children = (
				A57D3EB02D07C8BC0013AB84 /* Hyperhire Test.app */,
				A57D3EC02D07C8BD0013AB84 /* Hyperhire TestTests.xctest */,
				A57D3ECA2D07C8BD0013AB84 /* Hyperhire TestUITests.xctest */,
			);
			name = Products;
			sourceTree = "<group>";
		};
/* End PBXGroup section */

/* Begin PBXNativeTarget section */
		A57D3EAF2D07C8BC0013AB84 /* Hyperhire Test */ = {
			isa = PBXNativeTarget;
			buildConfigurationList = A57D3ED42D07C8BD0013AB84 /* Build configuration list for PBXNativeTarget "Hyperhire Test" */;
			buildPhases = (
				A57D3EAC2D07C8BC0013AB84 /* Sources */,
				A57D3EAD2D07C8BC0013AB84 /* Frameworks */,
				A57D3EAE2D07C8BC0013AB84 /* Resources */,
			);
			buildRules = (
			);
			dependencies = (
			);
			fileSystemSynchronizedGroups = (
				A57D3EB22D07C8BC0013AB84 /* Hyperhire Test */,
			);
			name = "Hyperhire Test";
			packageProductDependencies = (
			);
			productName = "Hyperhire Test";
			productReference = A57D3EB02D07C8BC0013AB84 /* Hyperhire Test.app */;
			productType = "com.apple.product-type.application";
		};
		A57D3EBF2D07C8BD0013AB84 /* Hyperhire TestTests */ = {
			isa = PBXNativeTarget;
			buildConfigurationList = A57D3ED72D07C8BD0013AB84 /* Build configuration list for PBXNativeTarget "Hyperhire TestTests" */;
			buildPhases = (
				A57D3EBC2D07C8BD0013AB84 /* Sources */,
				A57D3EBD2D07C8BD0013AB84 /* Frameworks */,
				A57D3EBE2D07C8BD0013AB84 /* Resources */,
			);
			buildRules = (
			);
			dependencies = (
				A57D3EC22D07C8BD0013AB84 /* PBXTargetDependency */,
			);
			fileSystemSynchronizedGroups = (
				A57D3EC32D07C8BD0013AB84 /* Hyperhire TestTests */,
			);
			name = "Hyperhire TestTests";
			packageProductDependencies = (
			);
			productName = "Hyperhire TestTests";
			productReference = A57D3EC02D07C8BD0013AB84 /* Hyperhire TestTests.xctest */;
			productType = "com.apple.product-type.bundle.unit-test";
		};
		A57D3EC92D07C8BD0013AB84 /* Hyperhire TestUITests */ = {
			isa = PBXNativeTarget;
			buildConfigurationList = A57D3EDA2D07C8BD0013AB84 /* Build configuration list for PBXNativeTarget "Hyperhire TestUITests" */;
			buildPhases = (
				A57D3EC62D07C8BD0013AB84 /* Sources */,
				A57D3EC72D07C8BD0013AB84 /* Frameworks */,
				A57D3EC82D07C8BD0013AB84 /* Resources */,
			);
			buildRules = (
			);
			dependencies = (
				A57D3ECC2D07C8BD0013AB84 /* PBXTargetDependency */,
			);
			fileSystemSynchronizedGroups = (
				A57D3ECD2D07C8BD0013AB84 /* Hyperhire TestUITests */,
			);
			name = "Hyperhire TestUITests";
			packageProductDependencies = (
			);
			productName = "Hyperhire TestUITests";
			productReference = A57D3ECA2D07C8BD0013AB84 /* Hyperhire TestUITests.xctest */;
			productType = "com.apple.product-type.bundle.ui-testing";
		};
/* End PBXNativeTarget section */

/* Begin PBXProject section */
		A57D3EA82D07C8BC0013AB84 /* Project object */ = {
			isa = PBXProject;
			attributes = {
				BuildIndependentTargetsInParallel = 1;
				LastSwiftUpdateCheck = 1610;
				LastUpgradeCheck = 1610;
				TargetAttributes = {
					A57D3EAF2D07C8BC0013AB84 = {
						CreatedOnToolsVersion = 16.1;
					};
					A57D3EBF2D07C8BD0013AB84 = {
						CreatedOnToolsVersion = 16.1;
						TestTargetID = A57D3EAF2D07C8BC0013AB84;
					};
					A57D3EC92D07C8BD0013AB84 = {
						CreatedOnToolsVersion = 16.1;
						TestTargetID = A57D3EAF2D07C8BC0013AB84;
					};
				};
			};
			buildConfigurationList = A57D3EAB2D07C8BC0013AB84 /* Build configuration list for PBXProject "Hyperhire Test" */;
			developmentRegion = en;
			hasScannedForEncodings = 0;
			knownRegions = (
				en,
				Base,
			);
			mainGroup = A57D3EA72D07C8BC0013AB84;
			minimizedProjectReferenceProxies = 1;
			preferredProjectObjectVersion = 77;
			productRefGroup = A57D3EB12D07C8BC0013AB84 /* Products */;
			projectDirPath = "";
			projectRoot = "";
			targets = (
				A57D3EAF2D07C8BC0013AB84 /* Hyperhire Test */,
				A57D3EBF2D07C8BD0013AB84 /* Hyperhire TestTests */,
				A57D3EC92D07C8BD0013AB84 /* Hyperhire TestUITests */,
			);
		};
/* End PBXProject section */

/* Begin PBXResourcesBuildPhase section */
		A57D3EAE2D07C8BC0013AB84 /* Resources */ = {
			isa = PBXResourcesBuildPhase;
			buildActionMask = 2147483647;
			files = (
			);
			runOnlyForDeploymentPostprocessing = 0;
		};
		A57D3EBE2D07C8BD0013AB84 /* Resources */ = {
			isa = PBXResourcesBuildPhase;
			buildActionMask = 2147483647;
			files = (
			);
			runOnlyForDeploymentPostprocessing = 0;
		};
		A57D3EC82D07C8BD0013AB84 /* Resources */ = {
			isa = PBXResourcesBuildPhase;
			buildActionMask = 2147483647;
			files = (
			);
			runOnlyForDeploymentPostprocessing = 0;
		};
/* End PBXResourcesBuildPhase section */

/* Begin PBXSourcesBuildPhase section */
		A57D3EAC2D07C8BC0013AB84 /* Sources */ = {
			isa = PBXSourcesBuildPhase;
			buildActionMask = 2147483647;
			files = (
			);
			runOnlyForDeploymentPostprocessing = 0;
		};
		A57D3EBC2D07C8BD0013AB84 /* Sources */ = {
			isa = PBXSourcesBuildPhase;
			buildActionMask = 2147483647;
			files = (
			);
			runOnlyForDeploymentPostprocessing = 0;
		};
		A57D3EC62D07C8BD0013AB84 /* Sources */ = {
			isa = PBXSourcesBuildPhase;
			buildActionMask = 2147483647;
			files = (
			);
			runOnlyForDeploymentPostprocessing = 0;
		};
/* End PBXSourcesBuildPhase section */

/* Begin PBXTargetDependency section */
		A57D3EC22D07C8BD0013AB84 /* PBXTargetDependency */ = {
			isa = PBXTargetDependency;
			target = A57D3EAF2D07C8BC0013AB84 /* Hyperhire Test */;
			targetProxy = A57D3EC12D07C8BD0013AB84 /* PBXContainerItemProxy */;
		};
		A57D3ECC2D07C8BD0013AB84 /* PBXTargetDependency */ = {
			isa = PBXTargetDependency;
			target = A57D3EAF2D07C8BC0013AB84 /* Hyperhire Test */;
			targetProxy = A57D3ECB2D07C8BD0013AB84 /* PBXContainerItemProxy */;
		};
/* End PBXTargetDependency section */

/* Begin XCBuildConfiguration section */
		A57D3ED22D07C8BD0013AB84 /* Debug */ = {
			isa = XCBuildConfiguration;
			buildSettings = {
				ALWAYS_SEARCH_USER_PATHS = NO;
				ASSETCATALOG_COMPILER_GENERATE_SWIFT_ASSET_SYMBOL_EXTENSIONS = YES;
				CLANG_ANALYZER_NONNULL = YES;
				CLANG_ANALYZER_NUMBER_OBJECT_CONVERSION = YES_AGGRESSIVE;
				CLANG_CXX_LANGUAGE_STANDARD = "gnu++20";
				CLANG_ENABLE_MODULES = YES;
				CLANG_ENABLE_OBJC_ARC = YES;
				CLANG_ENABLE_OBJC_WEAK = YES;
				CLANG_WARN_BLOCK_CAPTURE_AUTORELEASING = YES;
				CLANG_WARN_BOOL_CONVERSION = YES;
				CLANG_WARN_COMMA = YES;
				CLANG_WARN_CONSTANT_CONVERSION = YES;
				CLANG_WARN_DEPRECATED_OBJC_IMPLEMENTATIONS = YES;
				CLANG_WARN_DIRECT_OBJC_ISA_USAGE = YES_ERROR;
				CLANG_WARN_DOCUMENTATION_COMMENTS = YES;
				CLANG_WARN_EMPTY_BODY = YES;
				CLANG_WARN_ENUM_CONVERSION = YES;
				CLANG_WARN_INFINITE_RECURSION = YES;
				CLANG_WARN_INT_CONVERSION = YES;
				CLANG_WARN_NON_LITERAL_NULL_CONVERSION = YES;
				CLANG_WARN_OBJC_IMPLICIT_RETAIN_SELF = YES;
				CLANG_WARN_OBJC_LITERAL_CONVERSION = YES;
				CLANG_WARN_OBJC_ROOT_CLASS = YES_ERROR;
				CLANG_WARN_QUOTED_INCLUDE_IN_FRAMEWORK_HEADER = YES;
				CLANG_WARN_RANGE_LOOP_ANALYSIS = YES;
				CLANG_WARN_STRICT_PROTOTYPES = YES;
				CLANG_WARN_SUSPICIOUS_MOVE = YES;
				CLANG_WARN_UNGUARDED_AVAILABILITY = YES_AGGRESSIVE;
				CLANG_WARN_UNREACHABLE_CODE = YES;
				CLANG_WARN__DUPLICATE_METHOD_MATCH = YES;
				COPY_PHASE_STRIP = NO;
				DEBUG_INFORMATION_FORMAT = dwarf;
				ENABLE_STRICT_OBJC_MSGSEND = YES;
				ENABLE_TESTABILITY = YES;
				ENABLE_USER_SCRIPT_SANDBOXING = YES;
				GCC_C_LANGUAGE_STANDARD = gnu17;
				GCC_DYNAMIC_NO_PIC = NO;
				GCC_NO_COMMON_BLOCKS = YES;
				GCC_OPTIMIZATION_LEVEL = 0;
				GCC_PREPROCESSOR_DEFINITIONS = (
					"DEBUG=1",
					"$(inherited)",
				);
				GCC_WARN_64_TO_32_BIT_CONVERSION = YES;
				GCC_WARN_ABOUT_RETURN_TYPE = YES_ERROR;
				GCC_WARN_UNDECLARED_SELECTOR = YES;
				GCC_WARN_UNINITIALIZED_AUTOS = YES_AGGRESSIVE;
				GCC_WARN_UNUSED_FUNCTION = YES;
				GCC_WARN_UNUSED_VARIABLE = YES;
				IPHONEOS_DEPLOYMENT_TARGET = 18.1;
				LOCALIZATION_PREFERS_STRING_CATALOGS = YES;
				MTL_ENABLE_DEBUG_INFO = INCLUDE_SOURCE;
				MTL_FAST_MATH = YES;
				ONLY_ACTIVE_ARCH = YES;
				SDKROOT = iphoneos;
				SWIFT_ACTIVE_COMPILATION_CONDITIONS = "DEBUG $(inherited)";
				SWIFT_OPTIMIZATION_LEVEL = "-Onone";
			};
			name = Debug;
		};
		A57D3ED32D07C8BD0013AB84 /* Release */ = {
			isa = XCBuildConfiguration;
			buildSettings = {
				ALWAYS_SEARCH_USER_PATHS = NO;
				ASSETCATALOG_COMPILER_GENERATE_SWIFT_ASSET_SYMBOL_EXTENSIONS = YES;
				CLANG_ANALYZER_NONNULL = YES;
				CLANG_ANALYZER_NUMBER_OBJECT_CONVERSION = YES_AGGRESSIVE;
				CLANG_CXX_LANGUAGE_STANDARD = "gnu++20";
				CLANG_ENABLE_MODULES = YES;
				CLANG_ENABLE_OBJC_ARC = YES;
				CLANG_ENABLE_OBJC_WEAK = YES;
				CLANG_WARN_BLOCK_CAPTURE_AUTORELEASING = YES;
				CLANG_WARN_BOOL_CONVERSION = YES;
				CLANG_WARN_COMMA = YES;
				CLANG_WARN_CONSTANT_CONVERSION = YES;
				CLANG_WARN_DEPRECATED_OBJC_IMPLEMENTATIONS = YES;
				CLANG_WARN_DIRECT_OBJC_ISA_USAGE = YES_ERROR;
				CLANG_WARN_DOCUMENTATION_COMMENTS = YES;
				CLANG_WARN_EMPTY_BODY = YES;
				CLANG_WARN_ENUM_CONVERSION = YES;
				CLANG_WARN_INFINITE_RECURSION = YES;
				CLANG_WARN_INT_CONVERSION = YES;
				CLANG_WARN_NON_LITERAL_NULL_CONVERSION = YES;
				CLANG_WARN_OBJC_IMPLICIT_RETAIN_SELF = YES;
				CLANG_WARN_OBJC_LITERAL_CONVERSION = YES;
				CLANG_WARN_OBJC_ROOT_CLASS = YES_ERROR;
				CLANG_WARN_QUOTED_INCLUDE_IN_FRAMEWORK_HEADER = YES;
				CLANG_WARN_RANGE_LOOP_ANALYSIS = YES;
				CLANG_WARN_STRICT_PROTOTYPES = YES;
				CLANG_WARN_SUSPICIOUS_MOVE = YES;
				CLANG_WARN_UNGUARDED_AVAILABILITY = YES_AGGRESSIVE;
				CLANG_WARN_UNREACHABLE_CODE = YES;
				CLANG_WARN__DUPLICATE_METHOD_MATCH = YES;
				COPY_PHASE_STRIP = NO;
				DEBUG_INFORMATION_FORMAT = "dwarf-with-dsym";
				ENABLE_NS_ASSERTIONS = NO;
				ENABLE_STRICT_OBJC_MSGSEND = YES;
				ENABLE_USER_SCRIPT_SANDBOXING = YES;
				GCC_C_LANGUAGE_STANDARD = gnu17;
				GCC_NO_COMMON_BLOCKS = YES;
				GCC_WARN_64_TO_32_BIT_CONVERSION = YES;
				GCC_WARN_ABOUT_RETURN_TYPE = YES_ERROR;
				GCC_WARN_UNDECLARED_SELECTOR = YES;
				GCC_WARN_UNINITIALIZED_AUTOS = YES_AGGRESSIVE;
				GCC_WARN_UNUSED_FUNCTION = YES;
				GCC_WARN_UNUSED_VARIABLE = YES;
				IPHONEOS_DEPLOYMENT_TARGET = 18.1;
				LOCALIZATION_PREFERS_STRING_CATALOGS = YES;
				MTL_ENABLE_DEBUG_INFO = NO;
				MTL_FAST_MATH = YES;
				SDKROOT = iphoneos;
				SWIFT_COMPILATION_MODE = wholemodule;
				VALIDATE_PRODUCT = YES;
			};
			name = Release;
		};
		A57D3ED52D07C8BD0013AB84 /* Debug */ = {
			isa = XCBuildConfiguration;
			buildSettings = {
				ASSETCATALOG_COMPILER_APPICON_NAME = AppIcon;
				ASSETCATALOG_COMPILER_GLOBAL_ACCENT_COLOR_NAME = AccentColor;
				CODE_SIGN_STYLE = Automatic;
				CURRENT_PROJECT_VERSION = 1;
				DEVELOPMENT_ASSET_PATHS = "\"Hyperhire Test/Preview Content\"";
				ENABLE_PREVIEWS = YES;
				GENERATE_INFOPLIST_FILE = YES;
				INFOPLIST_KEY_UIApplicationSceneManifest_Generation = YES;
				INFOPLIST_KEY_UIApplicationSupportsIndirectInputEvents = YES;
				INFOPLIST_KEY_UILaunchScreen_Generation = YES;
				INFOPLIST_KEY_UISupportedInterfaceOrientations_iPad = "UIInterfaceOrientationPortrait UIInterfaceOrientationPortraitUpsideDown UIInterfaceOrientationLandscapeLeft UIInterfaceOrientationLandscapeRight";
				INFOPLIST_KEY_UISupportedInterfaceOrientations_iPhone = "UIInterfaceOrientationPortrait UIInterfaceOrientationLandscapeLeft UIInterfaceOrientationLandscapeRight";
				LD_RUNPATH_SEARCH_PATHS = (
					"$(inherited)",
					"@executable_path/Frameworks",
				);
				MARKETING_VERSION = 1.0;
				PRODUCT_BUNDLE_IDENTIFIER = "com.mories.app.Hyperhire-Test";
				PRODUCT_NAME = "$(TARGET_NAME)";
				SUPPORTED_PLATFORMS = "iphoneos iphonesimulator";
				SUPPORTS_MACCATALYST = NO;
				SUPPORTS_MAC_DESIGNED_FOR_IPHONE_IPAD = NO;
				SUPPORTS_XR_DESIGNED_FOR_IPHONE_IPAD = NO;
				SWIFT_EMIT_LOC_STRINGS = YES;
				SWIFT_VERSION = 5.0;
				TARGETED_DEVICE_FAMILY = "1,2";
			};
			name = Debug;
		};
		A57D3ED62D07C8BD0013AB84 /* Release */ = {
			isa = XCBuildConfiguration;
			buildSettings = {
				ASSETCATALOG_COMPILER_APPICON_NAME = AppIcon;
				ASSETCATALOG_COMPILER_GLOBAL_ACCENT_COLOR_NAME = AccentColor;
				CODE_SIGN_STYLE = Automatic;
				CURRENT_PROJECT_VERSION = 1;
				DEVELOPMENT_ASSET_PATHS = "\"Hyperhire Test/Preview Content\"";
				ENABLE_PREVIEWS = YES;
				GENERATE_INFOPLIST_FILE = YES;
				INFOPLIST_KEY_UIApplicationSceneManifest_Generation = YES;
				INFOPLIST_KEY_UIApplicationSupportsIndirectInputEvents = YES;
				INFOPLIST_KEY_UILaunchScreen_Generation = YES;
				INFOPLIST_KEY_UISupportedInterfaceOrientations_iPad = "UIInterfaceOrientationPortrait UIInterfaceOrientationPortraitUpsideDown UIInterfaceOrientationLandscapeLeft UIInterfaceOrientationLandscapeRight";
				INFOPLIST_KEY_UISupportedInterfaceOrientations_iPhone = "UIInterfaceOrientationPortrait UIInterfaceOrientationLandscapeLeft UIInterfaceOrientationLandscapeRight";
				LD_RUNPATH_SEARCH_PATHS = (
					"$(inherited)",
					"@executable_path/Frameworks",
				);
				MARKETING_VERSION = 1.0;
				PRODUCT_BUNDLE_IDENTIFIER = "com.mories.app.Hyperhire-Test";
				PRODUCT_NAME = "$(TARGET_NAME)";
				SUPPORTED_PLATFORMS = "iphoneos iphonesimulator";
				SUPPORTS_MACCATALYST = NO;
				SUPPORTS_MAC_DESIGNED_FOR_IPHONE_IPAD = NO;
				SUPPORTS_XR_DESIGNED_FOR_IPHONE_IPAD = NO;
				SWIFT_EMIT_LOC_STRINGS = YES;
				SWIFT_VERSION = 5.0;
				TARGETED_DEVICE_FAMILY = "1,2";
			};
			name = Release;
		};
		A57D3ED82D07C8BD0013AB84 /* Debug */ = {
			isa = XCBuildConfiguration;
			buildSettings = {
				BUNDLE_LOADER = "$(TEST_HOST)";
				CODE_SIGN_STYLE = Automatic;
				CURRENT_PROJECT_VERSION = 1;
				GENERATE_INFOPLIST_FILE = YES;
				IPHONEOS_DEPLOYMENT_TARGET = 18.1;
				MARKETING_VERSION = 1.0;
				PRODUCT_BUNDLE_IDENTIFIER = "com.mories.app.Hyperhire-TestTests";
				PRODUCT_NAME = "$(TARGET_NAME)";
				SWIFT_EMIT_LOC_STRINGS = NO;
				SWIFT_VERSION = 5.0;
				TARGETED_DEVICE_FAMILY = "1,2";
				TEST_HOST = "$(BUILT_PRODUCTS_DIR)/Hyperhire Test.app/$(BUNDLE_EXECUTABLE_FOLDER_PATH)/Hyperhire Test";
			};
			name = Debug;
		};
		A57D3ED92D07C8BD0013AB84 /* Release */ = {
			isa = XCBuildConfiguration;
			buildSettings = {
				BUNDLE_LOADER = "$(TEST_HOST)";
				CODE_SIGN_STYLE = Automatic;
				CURRENT_PROJECT_VERSION = 1;
				GENERATE_INFOPLIST_FILE = YES;
				IPHONEOS_DEPLOYMENT_TARGET = 18.1;
				MARKETING_VERSION = 1.0;
				PRODUCT_BUNDLE_IDENTIFIER = "com.mories.app.Hyperhire-TestTests";
				PRODUCT_NAME = "$(TARGET_NAME)";
				SWIFT_EMIT_LOC_STRINGS = NO;
				SWIFT_VERSION = 5.0;
				TARGETED_DEVICE_FAMILY = "1,2";
				TEST_HOST = "$(BUILT_PRODUCTS_DIR)/Hyperhire Test.app/$(BUNDLE_EXECUTABLE_FOLDER_PATH)/Hyperhire Test";
			};
			name = Release;
		};
		A57D3EDB2D07C8BD0013AB84 /* Debug */ = {
			isa = XCBuildConfiguration;
			buildSettings = {
				CODE_SIGN_STYLE = Automatic;
				CURRENT_PROJECT_VERSION = 1;
				GENERATE_INFOPLIST_FILE = YES;
				MARKETING_VERSION = 1.0;
				PRODUCT_BUNDLE_IDENTIFIER = "com.mories.app.Hyperhire-TestUITests";
				PRODUCT_NAME = "$(TARGET_NAME)";
				SWIFT_EMIT_LOC_STRINGS = NO;
				SWIFT_VERSION = 5.0;
				TARGETED_DEVICE_FAMILY = "1,2";
				TEST_TARGET_NAME = "Hyperhire Test";
			};
			name = Debug;
		};
		A57D3EDC2D07C8BD0013AB84 /* Release */ = {
			isa = XCBuildConfiguration;
			buildSettings = {
				CODE_SIGN_STYLE = Automatic;
				CURRENT_PROJECT_VERSION = 1;
				GENERATE_INFOPLIST_FILE = YES;
				MARKETING_VERSION = 1.0;
				PRODUCT_BUNDLE_IDENTIFIER = "com.mories.app.Hyperhire-TestUITests";
				PRODUCT_NAME = "$(TARGET_NAME)";
				SWIFT_EMIT_LOC_STRINGS = NO;
				SWIFT_VERSION = 5.0;
				TARGETED_DEVICE_FAMILY = "1,2";
				TEST_TARGET_NAME = "Hyperhire Test";
			};
			name = Release;
		};
/* End XCBuildConfiguration section */

/* Begin XCConfigurationList section */
		A57D3EAB2D07C8BC0013AB84 /* Build configuration list for PBXProject "Hyperhire Test" */ = {
			isa = XCConfigurationList;
			buildConfigurations = (
				A57D3ED22D07C8BD0013AB84 /* Debug */,
				A57D3ED32D07C8BD0013AB84 /* Release */,
			);
			defaultConfigurationIsVisible = 0;
			defaultConfigurationName = Release;
		};
		A57D3ED42D07C8BD0013AB84 /* Build configuration list for PBXNativeTarget "Hyperhire Test" */ = {
			isa = XCConfigurationList;
			buildConfigurations = (
				A57D3ED52D07C8BD0013AB84 /* Debug */,
				A57D3ED62D07C8BD0013AB84 /* Release */,
			);
			defaultConfigurationIsVisible = 0;
			defaultConfigurationName = Release;
		};
		A57D3ED72D07C8BD0013AB84 /* Build configuration list for PBXNativeTarget "Hyperhire TestTests" */ = {
			isa = XCConfigurationList;
			buildConfigurations = (
				A57D3ED82D07C8BD0013AB84 /* Debug */,
				A57D3ED92D07C8BD0013AB84 /* Release */,
			);
			defaultConfigurationIsVisible = 0;
			defaultConfigurationName = Release;
		};
		A57D3EDA2D07C8BD0013AB84 /* Build configuration list for PBXNativeTarget "Hyperhire TestUITests" */ = {
			isa = XCConfigurationList;
			buildConfigurations = (
				A57D3EDB2D07C8BD0013AB84 /* Debug */,
				A57D3EDC2D07C8BD0013AB84 /* Release */,
			);
			defaultConfigurationIsVisible = 0;
			defaultConfigurationName = Release;
		};
/* End XCConfigurationList section */
	};
	rootObject = A57D3EA82D07C8BC0013AB84 /* Project object */;
}
